
Microsoft Visual Studio Solution File, Format Version 11.00
# Visual Studio 2010
Project("{FAE04EC0-301F-11D3-BF4B-00C04F79EFBC}") = "Typocrypha", "Assembly-CSharp.csproj", "{9599D5F7-DF8A-29B8-9988-8C47FE55E03A}"
EndProject
Project("{FAE04EC0-301F-11D3-BF4B-00C04F79EFBC}") = "Typocrypha", "Assembly-CSharp-Editor.csproj", "{109E3075-B674-79C5-3049-3DCD6D58BFCF}"
EndProject
Global
	GlobalSection(SolutionConfigurationPlatforms) = preSolution
		Debug|Any CPU = Debug|Any CPU
		Release|Any CPU = Release|Any CPU
	EndGlobalSection
	GlobalSection(ProjectConfigurationPlatforms) = postSolution
		{9599D5F7-DF8A-29B8-9988-8C47FE55E03A}.Debug|Any CPU.ActiveCfg = Debug|Any CPU
		{9599D5F7-DF8A-29B8-9988-8C47FE55E03A}.Debug|Any CPU.Build.0 = Debug|Any CPU
		{9599D5F7-DF8A-29B8-9988-8C47FE55E03A}.Release|Any CPU.ActiveCfg = Release|Any CPU
		{9599D5F7-DF8A-29B8-9988-8C47FE55E03A}.Release|Any CPU.Build.0 = Release|Any CPU
		{109E3075-B674-79C5-3049-3DCD6D58BFCF}.Debug|Any CPU.ActiveCfg = Debug|Any CPU
		{109E3075-B674-79C5-3049-3DCD6D58BFCF}.Debug|Any CPU.Build.0 = Debug|Any CPU
		{109E3075-B674-79C5-3049-3DCD6D58BFCF}.Release|Any CPU.ActiveCfg = Release|Any CPU
		{109E3075-B674-79C5-3049-3DCD6D58BFCF}.Release|Any CPU.Build.0 = Release|Any CPU
	EndGlobalSection
	GlobalSection(SolutionProperties) = preSolution
		HideSolutionNode = FALSE
	EndGlobalSection
	GlobalSection(MonoDevelopProperties) = preSolution
		StartupItem = Assembly-CSharp.csproj
	EndGlobalSection
EndGlobal
